
Microsoft Visual Studio Solution File, Format Version 12.00
# Visual Studio Version 16
VisualStudioVersion = 16.0.30611.23
MinimumVisualStudioVersion = 10.0.40219.1
Project("{FAE04EC0-301F-11D3-BF4B-00C04F79EFBC}") = "TestWebApp", "TestWebApp\TestWebApp.csproj", "{D5076F46-169C-4870-A426-4ECE92C16CAC}"
EndProject
Global
	GlobalSection(SolutionConfigurationPlatforms) = preSolution
		Debug|Any CPU = Debug|Any CPU
		Release|Any CPU = Release|Any CPU
	EndGlobalSection
	GlobalSection(ProjectConfigurationPlatforms) = postSolution
		{D5076F46-169C-4870-A426-4ECE92C16CAC}.Debug|Any CPU.ActiveCfg = Debug|Any CPU
		{D5076F46-169C-4870-A426-4ECE92C16CAC}.Debug|Any CPU.Build.0 = Debug|Any CPU
		{D5076F46-169C-4870-A426-4ECE92C16CAC}.Release|Any CPU.ActiveCfg = Release|Any CPU
		{D5076F46-169C-4870-A426-4ECE92C16CAC}.Release|Any CPU.Build.0 = Release|Any CPU
	EndGlobalSection
	GlobalSection(SolutionProperties) = preSolution
		HideSolutionNode = FALSE
	EndGlobalSection
	GlobalSection(ExtensibilityGlobals) = postSolution
		SolutionGuid = {AB6A05D9-07DD-411A-9C51-3C5403CD62E1}
	EndGlobalSection
EndGlobal
